
Microsoft Visual Studio Solution File, Format Version 12.00
# Visual Studio Version 16
VisualStudioVersion = 16.0.30907.101
MinimumVisualStudioVersion = 10.0.40219.1
Project("{FAE04EC0-301F-11D3-BF4B-00C04F79EFBC}") = "Parcial2-AP2-EnyerHolguin", "Parcial2-AP2-EnyerHolguin\Parcial2-AP2-EnyerHolguin.csproj", "{2C9B2E85-285D-4DD0-8AE0-74A757D72936}"
EndProject
Global
	GlobalSection(SolutionConfigurationPlatforms) = preSolution
		Debug|Any CPU = Debug|Any CPU
		Release|Any CPU = Release|Any CPU
	EndGlobalSection
	GlobalSection(ProjectConfigurationPlatforms) = postSolution
		{2C9B2E85-285D-4DD0-8AE0-74A757D72936}.Debug|Any CPU.ActiveCfg = Debug|Any CPU
		{2C9B2E85-285D-4DD0-8AE0-74A757D72936}.Debug|Any CPU.Build.0 = Debug|Any CPU
		{2C9B2E85-285D-4DD0-8AE0-74A757D72936}.Release|Any CPU.ActiveCfg = Release|Any CPU
		{2C9B2E85-285D-4DD0-8AE0-74A757D72936}.Release|Any CPU.Build.0 = Release|Any CPU
	EndGlobalSection
	GlobalSection(SolutionProperties) = preSolution
		HideSolutionNode = FALSE
	EndGlobalSection
	GlobalSection(ExtensibilityGlobals) = postSolution
		SolutionGuid = {74775B49-0195-40FA-B838-67586215EDD0}
	EndGlobalSection
EndGlobal
